// !$*UTF8*$!
{
	archiveVersion = 1;
	classes = {
	};
	objectVersion = 56;
	objects = {

/* Begin PBXBuildFile section */
		000000000000000000000101 /* MyCostApp.swift in Sources */ = {isa = PBXBuildFile; fileRef = 000000000000000000000001 /* MyCostApp.swift */; };
		000000000000000000000102 /* Transaction.swift in Sources */ = {isa = PBXBuildFile; fileRef = 000000000000000000000002 /* Transaction.swift */; };
		000000000000000000000103 /* Category.swift in Sources */ = {isa = PBXBuildFile; fileRef = 000000000000000000000003 /* Category.swift */; };
		000000000000000000000104 /* MerchantRule.swift in Sources */ = {isa = PBXBuildFile; fileRef = 000000000000000000000004 /* MerchantRule.swift */; };
		000000000000000000000105 /* RecurringPayment.swift in Sources */ = {isa = PBXBuildFile; fileRef = 000000000000000000000005 /* RecurringPayment.swift */; };
		000000000000000000000106 /* SeedDataService.swift in Sources */ = {isa = PBXBuildFile; fileRef = 000000000000000000000006 /* SeedDataService.swift */; };
		000000000000000000000107 /* DuplicateDetector.swift in Sources */ = {isa = PBXBuildFile; fileRef = 000000000000000000000007 /* DuplicateDetector.swift */; };
		000000000000000000000108 /* ScreenshotImportService.swift in Sources */ = {isa = PBXBuildFile; fileRef = 000000000000000000000008 /* ScreenshotImportService.swift */; };
		000000000000000000000109 /* MerchantRuleService.swift in Sources */ = {isa = PBXBuildFile; fileRef = 000000000000000000000009 /* MerchantRuleService.swift */; };
		00000000000000000000010A /* SpendingAnalytics.swift in Sources */ = {isa = PBXBuildFile; fileRef = 00000000000000000000000A /* SpendingAnalytics.swift */; };
		00000000000000000000010B /* RootTabView.swift in Sources */ = {isa = PBXBuildFile; fileRef = 00000000000000000000000B /* RootTabView.swift */; };
		00000000000000000000010C /* DashboardView.swift in Sources */ = {isa = PBXBuildFile; fileRef = 00000000000000000000000C /* DashboardView.swift */; };
		00000000000000000000010D /* ImportView.swift in Sources */ = {isa = PBXBuildFile; fileRef = 00000000000000000000000D /* ImportView.swift */; };
		00000000000000000000010E /* ReviewTransactionsView.swift in Sources */ = {isa = PBXBuildFile; fileRef = 00000000000000000000000E /* ReviewTransactionsView.swift */; };
		00000000000000000000010F /* TransactionHistoryView.swift in Sources */ = {isa = PBXBuildFile; fileRef = 00000000000000000000000F /* TransactionHistoryView.swift */; };
		000000000000000000000110 /* TransactionDetailView.swift in Sources */ = {isa = PBXBuildFile; fileRef = 000000000000000000000010 /* TransactionDetailView.swift */; };
		000000000000000000000111 /* TransactionEditorView.swift in Sources */ = {isa = PBXBuildFile; fileRef = 000000000000000000000011 /* TransactionEditorView.swift */; };
		000000000000000000000112 /* Formatters.swift in Sources */ = {isa = PBXBuildFile; fileRef = 000000000000000000000012 /* Formatters.swift */; };
		000000000000000000000113 /* TransactionRowView.swift in Sources */ = {isa = PBXBuildFile; fileRef = 000000000000000000000013 /* TransactionRowView.swift */; };
		000000000000000000000114 /* VisionOCRService.swift in Sources */ = {isa = PBXBuildFile; fileRef = 000000000000000000000015 /* VisionOCRService.swift */; };
		000000000000000000000115 /* ImagePicker.swift in Sources */ = {isa = PBXBuildFile; fileRef = 000000000000000000000016 /* ImagePicker.swift */; };
/* End PBXBuildFile section */

/* Begin PBXFileReference section */
		000000000000000000000001 /* MyCostApp.swift */ = {isa = PBXFileReference; lastKnownFileType = sourcecode.swift; path = MyCostApp.swift; sourceTree = "<group>"; };
		000000000000000000000002 /* Transaction.swift */ = {isa = PBXFileReference; lastKnownFileType = sourcecode.swift; path = Transaction.swift; sourceTree = "<group>"; };
		000000000000000000000003 /* Category.swift */ = {isa = PBXFileReference; lastKnownFileType = sourcecode.swift; path = Category.swift; sourceTree = "<group>"; };
		000000000000000000000004 /* MerchantRule.swift */ = {isa = PBXFileReference; lastKnownFileType = sourcecode.swift; path = MerchantRule.swift; sourceTree = "<group>"; };
		000000000000000000000005 /* RecurringPayment.swift */ = {isa = PBXFileReference; lastKnownFileType = sourcecode.swift; path = RecurringPayment.swift; sourceTree = "<group>"; };
		000000000000000000000006 /* SeedDataService.swift */ = {isa = PBXFileReference; lastKnownFileType = sourcecode.swift; path = SeedDataService.swift; sourceTree = "<group>"; };
		000000000000000000000007 /* DuplicateDetector.swift */ = {isa = PBXFileReference; lastKnownFileType = sourcecode.swift; path = DuplicateDetector.swift; sourceTree = "<group>"; };
		000000000000000000000008 /* ScreenshotImportService.swift */ = {isa = PBXFileReference; lastKnownFileType = sourcecode.swift; path = ScreenshotImportService.swift; sourceTree = "<group>"; };
		000000000000000000000009 /* MerchantRuleService.swift */ = {isa = PBXFileReference; lastKnownFileType = sourcecode.swift; path = MerchantRuleService.swift; sourceTree = "<group>"; };
		00000000000000000000000A /* SpendingAnalytics.swift */ = {isa = PBXFileReference; lastKnownFileType = sourcecode.swift; path = SpendingAnalytics.swift; sourceTree = "<group>"; };
		00000000000000000000000B /* RootTabView.swift */ = {isa = PBXFileReference; lastKnownFileType = sourcecode.swift; path = RootTabView.swift; sourceTree = "<group>"; };
		00000000000000000000000C /* DashboardView.swift */ = {isa = PBXFileReference; lastKnownFileType = sourcecode.swift; path = DashboardView.swift; sourceTree = "<group>"; };
		00000000000000000000000D /* ImportView.swift */ = {isa = PBXFileReference; lastKnownFileType = sourcecode.swift; path = ImportView.swift; sourceTree = "<group>"; };
		00000000000000000000000E /* ReviewTransactionsView.swift */ = {isa = PBXFileReference; lastKnownFileType = sourcecode.swift; path = ReviewTransactionsView.swift; sourceTree = "<group>"; };
		00000000000000000000000F /* TransactionHistoryView.swift */ = {isa = PBXFileReference; lastKnownFileType = sourcecode.swift; path = TransactionHistoryView.swift; sourceTree = "<group>"; };
		000000000000000000000010 /* TransactionDetailView.swift */ = {isa = PBXFileReference; lastKnownFileType = sourcecode.swift; path = TransactionDetailView.swift; sourceTree = "<group>"; };
		000000000000000000000011 /* TransactionEditorView.swift */ = {isa = PBXFileReference; lastKnownFileType = sourcecode.swift; path = TransactionEditorView.swift; sourceTree = "<group>"; };
		000000000000000000000012 /* Formatters.swift */ = {isa = PBXFileReference; lastKnownFileType = sourcecode.swift; path = Formatters.swift; sourceTree = "<group>"; };
		000000000000000000000013 /* TransactionRowView.swift */ = {isa = PBXFileReference; lastKnownFileType = sourcecode.swift; path = TransactionRowView.swift; sourceTree = "<group>"; };
		000000000000000000000014 /* MyCost.app */ = {isa = PBXFileReference; explicitFileType = wrapper.application; includeInIndex = 0; path = MyCost.app; sourceTree = BUILT_PRODUCTS_DIR; };
		000000000000000000000015 /* VisionOCRService.swift */ = {isa = PBXFileReference; lastKnownFileType = sourcecode.swift; path = VisionOCRService.swift; sourceTree = "<group>"; };
		000000000000000000000016 /* ImagePicker.swift */ = {isa = PBXFileReference; lastKnownFileType = sourcecode.swift; path = ImagePicker.swift; sourceTree = "<group>"; };
/* End PBXFileReference section */

/* Begin PBXFrameworksBuildPhase section */
		000000000000000000000201 /* Frameworks */ = {isa = PBXFrameworksBuildPhase; buildActionMask = 2147483647; files = (); runOnlyForDeploymentPostprocessing = 0; };
/* End PBXFrameworksBuildPhase section */

/* Begin PBXGroup section */
		000000000000000000000301 = {
			isa = PBXGroup;
			children = (
				000000000000000000000302 /* MyCost */,
				000000000000000000000303 /* Products */,
			);
			sourceTree = "<group>";
		};
		000000000000000000000302 /* MyCost */ = {
			isa = PBXGroup;
			children = (
				000000000000000000000001 /* MyCostApp.swift */,
				000000000000000000000304 /* Models */,
				000000000000000000000305 /* Services */,
				000000000000000000000306 /* Views */,
			);
			path = MyCost;
			sourceTree = "<group>";
		};
		000000000000000000000303 /* Products */ = {
			isa = PBXGroup;
			children = (
				000000000000000000000014 /* MyCost.app */,
			);
			name = Products;
			sourceTree = "<group>";
		};
		000000000000000000000304 /* Models */ = {
			isa = PBXGroup;
			children = (
				000000000000000000000002 /* Transaction.swift */,
				000000000000000000000003 /* Category.swift */,
				000000000000000000000004 /* MerchantRule.swift */,
				000000000000000000000005 /* RecurringPayment.swift */,
			);
			path = Models;
			sourceTree = "<group>";
		};
		000000000000000000000305 /* Services */ = {
			isa = PBXGroup;
			children = (
				000000000000000000000006 /* SeedDataService.swift */,
				000000000000000000000007 /* DuplicateDetector.swift */,
				000000000000000000000008 /* ScreenshotImportService.swift */,
				000000000000000000000015 /* VisionOCRService.swift */,
				000000000000000000000009 /* MerchantRuleService.swift */,
				00000000000000000000000A /* SpendingAnalytics.swift */,
			);
			path = Services;
			sourceTree = "<group>";
		};
		000000000000000000000306 /* Views */ = {
			isa = PBXGroup;
			children = (
				00000000000000000000000B /* RootTabView.swift */,
				000000000000000000000307 /* Dashboard */,
				000000000000000000000308 /* Import */,
				000000000000000000000309 /* Review */,
				00000000000000000000030A /* History */,
				00000000000000000000030B /* Details */,
				00000000000000000000030C /* Components */,
				00000000000000000000030D /* Shared */,
			);
			path = Views;
			sourceTree = "<group>";
		};
		000000000000000000000307 /* Dashboard */ = {
			isa = PBXGroup;
			children = (00000000000000000000000C /* DashboardView.swift */);
			path = Dashboard;
			sourceTree = "<group>";
		};
		000000000000000000000308 /* Import */ = {
			isa = PBXGroup;
			children = (00000000000000000000000D /* ImportView.swift */);
			path = Import;
			sourceTree = "<group>";
		};
		000000000000000000000309 /* Review */ = {
			isa = PBXGroup;
			children = (00000000000000000000000E /* ReviewTransactionsView.swift */);
			path = Review;
			sourceTree = "<group>";
		};
		00000000000000000000030A /* History */ = {
			isa = PBXGroup;
			children = (00000000000000000000000F /* TransactionHistoryView.swift */);
			path = History;
			sourceTree = "<group>";
		};
		00000000000000000000030B /* Details */ = {
			isa = PBXGroup;
			children = (
				000000000000000000000010 /* TransactionDetailView.swift */,
				000000000000000000000011 /* TransactionEditorView.swift */,
			);
			path = Details;
			sourceTree = "<group>";
		};
		00000000000000000000030C /* Components */ = {
			isa = PBXGroup;
			children = (
				000000000000000000000012 /* Formatters.swift */,
				000000000000000000000013 /* TransactionRowView.swift */,
			);
			path = Components;
			sourceTree = "<group>";
		};
		00000000000000000000030D /* Shared */ = {
			isa = PBXGroup;
			children = (
				000000000000000000000016 /* ImagePicker.swift */,
			);
			path = Shared;
			sourceTree = "<group>";
		};
/* End PBXGroup section */

/* Begin PBXNativeTarget section */
		000000000000000000000401 /* MyCost */ = {
			isa = PBXNativeTarget;
			buildConfigurationList = 000000000000000000000701 /* Build configuration list for PBXNativeTarget "MyCost" */;
			buildPhases = (
				000000000000000000000501 /* Sources */,
				000000000000000000000201 /* Frameworks */,
				000000000000000000000502 /* Resources */,
			);
			buildRules = ();
			dependencies = ();
			name = MyCost;
			productName = MyCost;
			productReference = 000000000000000000000014 /* MyCost.app */;
			productType = "com.apple.product-type.application";
		};
/* End PBXNativeTarget section */

/* Begin PBXProject section */
		000000000000000000000601 /* Project object */ = {
			isa = PBXProject;
			attributes = {
				BuildIndependentTargetsInParallel = 1;
				LastSwiftUpdateCheck = 1600;
				LastUpgradeCheck = 1600;
				TargetAttributes = {
					000000000000000000000401 = {
						CreatedOnToolsVersion = 16.0;
					};
				};
			};
			buildConfigurationList = 000000000000000000000700 /* Build configuration list for PBXProject "MyCost" */;
			compatibilityVersion = "Xcode 14.0";
			developmentRegion = en;
			hasScannedForEncodings = 0;
			knownRegions = (en, Base);
			mainGroup = 000000000000000000000301;
			productRefGroup = 000000000000000000000303 /* Products */;
			projectDirPath = "";
			projectRoot = "";
			targets = (000000000000000000000401 /* MyCost */);
		};
/* End PBXProject section */

/* Begin PBXResourcesBuildPhase section */
		000000000000000000000502 /* Resources */ = {isa = PBXResourcesBuildPhase; buildActionMask = 2147483647; files = (); runOnlyForDeploymentPostprocessing = 0; };
/* End PBXResourcesBuildPhase section */

/* Begin PBXSourcesBuildPhase section */
		000000000000000000000501 /* Sources */ = {
			isa = PBXSourcesBuildPhase;
			buildActionMask = 2147483647;
			files = (
				000000000000000000000101 /* MyCostApp.swift in Sources */,
				000000000000000000000102 /* Transaction.swift in Sources */,
				000000000000000000000103 /* Category.swift in Sources */,
				000000000000000000000104 /* MerchantRule.swift in Sources */,
				000000000000000000000105 /* RecurringPayment.swift in Sources */,
				000000000000000000000106 /* SeedDataService.swift in Sources */,
				000000000000000000000107 /* DuplicateDetector.swift in Sources */,
				000000000000000000000108 /* ScreenshotImportService.swift in Sources */,
				000000000000000000000114 /* VisionOCRService.swift in Sources */,
				000000000000000000000109 /* MerchantRuleService.swift in Sources */,
				00000000000000000000010A /* SpendingAnalytics.swift in Sources */,
				00000000000000000000010B /* RootTabView.swift in Sources */,
				00000000000000000000010C /* DashboardView.swift in Sources */,
				00000000000000000000010D /* ImportView.swift in Sources */,
				00000000000000000000010E /* ReviewTransactionsView.swift in Sources */,
				00000000000000000000010F /* TransactionHistoryView.swift in Sources */,
				000000000000000000000110 /* TransactionDetailView.swift in Sources */,
				000000000000000000000111 /* TransactionEditorView.swift in Sources */,
				000000000000000000000112 /* Formatters.swift in Sources */,
				000000000000000000000113 /* TransactionRowView.swift in Sources */,
				000000000000000000000115 /* ImagePicker.swift in Sources */,
			);
			runOnlyForDeploymentPostprocessing = 0;
		};
/* End PBXSourcesBuildPhase section */

/* Begin XCBuildConfiguration section */
		000000000000000000000801 /* Debug */ = {
			isa = XCBuildConfiguration;
			buildSettings = {
				ALWAYS_SEARCH_USER_PATHS = NO;
				CLANG_ENABLE_MODULES = YES;
				CLANG_ENABLE_OBJC_ARC = YES;
				CLANG_WARN_QUOTED_INCLUDE_IN_FRAMEWORK_HEADER = YES;
				COPY_PHASE_STRIP = NO;
				DEBUG_INFORMATION_FORMAT = dwarf;
				ENABLE_STRICT_OBJC_MSGSEND = YES;
				ENABLE_TESTABILITY = YES;
				GCC_C_LANGUAGE_STANDARD = gnu17;
				GCC_DYNAMIC_NO_PIC = NO;
				GCC_NO_COMMON_BLOCKS = YES;
				GCC_OPTIMIZATION_LEVEL = 0;
				IPHONEOS_DEPLOYMENT_TARGET = 17.0;
				MTL_ENABLE_DEBUG_INFO = INCLUDE_SOURCE;
				MTL_FAST_MATH = YES;
				SDKROOT = iphoneos;
				SWIFT_ACTIVE_COMPILATION_CONDITIONS = DEBUG;
				SWIFT_OPTIMIZATION_LEVEL = "-Onone";
			};
			name = Debug;
		};
		000000000000000000000802 /* Release */ = {
			isa = XCBuildConfiguration;
			buildSettings = {
				ALWAYS_SEARCH_USER_PATHS = NO;
				CLANG_ENABLE_MODULES = YES;
				CLANG_ENABLE_OBJC_ARC = YES;
				CLANG_WARN_QUOTED_INCLUDE_IN_FRAMEWORK_HEADER = YES;
				COPY_PHASE_STRIP = NO;
				DEBUG_INFORMATION_FORMAT = "dwarf-with-dsym";
				ENABLE_NS_ASSERTIONS = NO;
				ENABLE_STRICT_OBJC_MSGSEND = YES;
				GCC_C_LANGUAGE_STANDARD = gnu17;
				GCC_NO_COMMON_BLOCKS = YES;
				IPHONEOS_DEPLOYMENT_TARGET = 17.0;
				MTL_ENABLE_DEBUG_INFO = NO;
				MTL_FAST_MATH = YES;
				SDKROOT = iphoneos;
				SWIFT_COMPILATION_MODE = wholemodule;
				SWIFT_OPTIMIZATION_LEVEL = "-O";
				VALIDATE_PRODUCT = YES;
			};
			name = Release;
		};
		000000000000000000000803 /* Debug */ = {
			isa = XCBuildConfiguration;
			buildSettings = {
				ASSETCATALOG_COMPILER_APPICON_NAME = AppIcon;
				CODE_SIGN_STYLE = Automatic;
				CURRENT_PROJECT_VERSION = 1;
				DEVELOPMENT_TEAM = "";
				GENERATE_INFOPLIST_FILE = YES;
				INFOPLIST_KEY_CFBundleDisplayName = MyCost;
				INFOPLIST_KEY_UIApplicationSceneManifest_Generation = YES;
				INFOPLIST_KEY_UIApplicationSupportsIndirectInputEvents = YES;
				INFOPLIST_KEY_UILaunchScreen_Generation = YES;
				INFOPLIST_KEY_UISupportedInterfaceOrientations_iPhone = "UIInterfaceOrientationPortrait UIInterfaceOrientationLandscapeLeft UIInterfaceOrientationLandscapeRight";
				IPHONEOS_DEPLOYMENT_TARGET = 17.0;
				LD_RUNPATH_SEARCH_PATHS = "$(inherited) @executable_path/Frameworks";
				MARKETING_VERSION = 1.0;
				PRODUCT_BUNDLE_IDENTIFIER = com.getsuzym.MyCost;
				PRODUCT_NAME = "$(TARGET_NAME)";
				SWIFT_EMIT_LOC_STRINGS = YES;
				SWIFT_VERSION = 5.0;
				TARGETED_DEVICE_FAMILY = "1,2";
			};
			name = Debug;
		};
		000000000000000000000804 /* Release */ = {
			isa = XCBuildConfiguration;
			buildSettings = {
				ASSETCATALOG_COMPILER_APPICON_NAME = AppIcon;
				CODE_SIGN_STYLE = Automatic;
				CURRENT_PROJECT_VERSION = 1;
				DEVELOPMENT_TEAM = "";
				GENERATE_INFOPLIST_FILE = YES;
				INFOPLIST_KEY_CFBundleDisplayName = MyCost;
				INFOPLIST_KEY_UIApplicationSceneManifest_Generation = YES;
				INFOPLIST_KEY_UIApplicationSupportsIndirectInputEvents = YES;
				INFOPLIST_KEY_UILaunchScreen_Generation = YES;
				INFOPLIST_KEY_UISupportedInterfaceOrientations_iPhone = "UIInterfaceOrientationPortrait UIInterfaceOrientationLandscapeLeft UIInterfaceOrientationLandscapeRight";
				IPHONEOS_DEPLOYMENT_TARGET = 17.0;
				LD_RUNPATH_SEARCH_PATHS = "$(inherited) @executable_path/Frameworks";
				MARKETING_VERSION = 1.0;
				PRODUCT_BUNDLE_IDENTIFIER = com.getsuzym.MyCost;
				PRODUCT_NAME = "$(TARGET_NAME)";
				SWIFT_EMIT_LOC_STRINGS = YES;
				SWIFT_VERSION = 5.0;
				TARGETED_DEVICE_FAMILY = "1,2";
			};
			name = Release;
		};
/* End XCBuildConfiguration section */

/* Begin XCConfigurationList section */
		000000000000000000000700 /* Build configuration list for PBXProject "MyCost" */ = {
			isa = XCConfigurationList;
			buildConfigurations = (
				000000000000000000000801 /* Debug */,
				000000000000000000000802 /* Release */,
			);
			defaultConfigurationIsVisible = 0;
			defaultConfigurationName = Release;
		};
		000000000000000000000701 /* Build configuration list for PBXNativeTarget "MyCost" */ = {
			isa = XCConfigurationList;
			buildConfigurations = (
				000000000000000000000803 /* Debug */,
				000000000000000000000804 /* Release */,
			);
			defaultConfigurationIsVisible = 0;
			defaultConfigurationName = Release;
		};
/* End XCConfigurationList section */
	};
	rootObject = 000000000000000000000601 /* Project object */;
}
