// !$*UTF8*$!
{
	archiveVersion = 1;
	classes = {
	};
	objectVersion = 56;
	objects = {

/* Begin PBXBuildFile section */
		000000000000000000000101 /* MyCostApp.swift in Sources */ = {isa = PBXBuildFile; fileRef = 000000000000000000000001 /* MyCostApp.swift */; };
		000000000000000000000102 /* Transaction.swift in Sources */ = {isa = PBXBuildFile; fileRef = 000000000000000000000002 /* Transaction.swift */; };
		000000000000000000000103 /* Category.swift in Sources */ = {isa = PBXBuildFile; fileRef = 000000000000000000000003 /* Category.swift */; };
		000000000000000000000104 /* MerchantRule.swift in Sources */ = {isa = PBXBuildFile; fileRef = 000000000000000000000004 /* MerchantRule.swift */; };
		000000000000000000000105 /* RecurringPayment.swift in Sources */ = {isa = PBXBuildFile; fileRef = 000000000000000000000005 /* RecurringPayment.swift */; };
		000000000000000000000106 /* SeedDataService.swift in Sources */ = {isa = PBXBuildFile; fileRef = 000000000000000000000006 /* SeedDataService.swift */; };
		000000000000000000000107 /* DuplicateDetector.swift in Sources */ = {isa = PBXBuildFile; fileRef = 000000000000000000000007 /* DuplicateDetector.swift */; };
		000000000000000000000108 /* ScreenshotImportService.swift in Sources */ = {isa = PBXBuildFile; fileRef = 000000000000000000000008 /* ScreenshotImportService.swift */; };
		000000000000000000000109 /* MerchantRuleService.swift in Sources */ = {isa = PBXBuildFile; fileRef = 000000000000000000000009 /* MerchantRuleService.swift */; };
		00000000000000000000010A /* SpendingAnalytics.swift in Sources */ = {isa = PBXBuildFile; fileRef = 00000000000000000000000A /* SpendingAnalytics.swift */; };
		00000000000000000000010B /* RootTabView.swift in Sources */ = {isa = PBXBuildFile; fileRef = 00000000000000000000000B /* RootTabView.swift */; };
		00000000000000000000010C /* DashboardView.swift in Sources */ = {isa = PBXBuildFile; fileRef = 00000000000000000000000C /* DashboardView.swift */; };
		00000000000000000000010D /* ImportView.swift in Sources */ = {isa = PBXBuildFile; fileRef = 00000000000000000000000D /* ImportView.swift */; };
		00000000000000000000010E /* ReviewTransactionsView.swift in Sources */ = {isa = PBXBuildFile; fileRef = 00000000000000000000000E /* ReviewTransactionsView.swift */; };
		00000000000000000000010F /* TransactionHistoryView.swift in Sources */ = {isa = PBXBuildFile; fileRef = 00000000000000000000000F /* TransactionHistoryView.swift */; };
		000000000000000000000110 /* TransactionDetailView.swift in Sources */ = {isa = PBXBuildFile; fileRef = 000000000000000000000010 /* TransactionDetailView.swift */; };
		000000000000000000000111 /* TransactionEditorView.swift in Sources */ = {isa = PBXBuildFile; fileRef = 000000000000000000000011 /* TransactionEditorView.swift */; };
		000000000000000000000112 /* Formatters.swift in Sources */ = {isa = PBXBuildFile; fileRef = 000000000000000000000012 /* Formatters.swift */; };
		00000000000000000000090D /* Theme.swift in Sources */ = {isa = PBXBuildFile; fileRef = 00000000000000000000090E /* Theme.swift */; };
		000000000000000000000113 /* TransactionRowView.swift in Sources */ = {isa = PBXBuildFile; fileRef = 000000000000000000000013 /* TransactionRowView.swift */; };
		000000000000000000000114 /* VisionOCRService.swift in Sources */ = {isa = PBXBuildFile; fileRef = 000000000000000000000015 /* VisionOCRService.swift */; };
		000000000000000000000115 /* ImagePicker.swift in Sources */ = {isa = PBXBuildFile; fileRef = 000000000000000000000016 /* ImagePicker.swift */; };
		000000000000000000000116 /* TransactionCandidateParser.swift in Sources */ = {isa = PBXBuildFile; fileRef = 000000000000000000000017 /* TransactionCandidateParser.swift */; };
		000000000000000000000117 /* OCRTransactionReviewStore.swift in Sources */ = {isa = PBXBuildFile; fileRef = 000000000000000000000018 /* OCRTransactionReviewStore.swift */; };
		000000000000000000000118 /* MerchantRulesView.swift in Sources */ = {isa = PBXBuildFile; fileRef = 000000000000000000000019 /* MerchantRulesView.swift */; };
		000000000000000000000119 /* RecurringPaymentSuggestionService.swift in Sources */ = {isa = PBXBuildFile; fileRef = 00000000000000000000001A /* RecurringPaymentSuggestionService.swift */; };
		00000000000000000000011A /* RecurringPaymentsView.swift in Sources */ = {isa = PBXBuildFile; fileRef = 00000000000000000000001B /* RecurringPaymentsView.swift */; };
		00000000000000000000011B /* OCRTransactionImportCoordinator.swift in Sources */ = {isa = PBXBuildFile; fileRef = 00000000000000000000001C /* OCRTransactionImportCoordinator.swift */; };
		00000000000000000000011F /* MerchantCategorizationCoordinator.swift in Sources */ = {isa = PBXBuildFile; fileRef = 000000000000000000000020 /* MerchantCategorizationCoordinator.swift */; };
		000000000000000000000122 /* TransactionTextHeuristics.swift in Sources */ = {isa = PBXBuildFile; fileRef = 000000000000000000000023 /* TransactionTextHeuristics.swift */; };
		000000000000000000000123 /* OCRTextObservation.swift in Sources */ = {isa = PBXBuildFile; fileRef = 000000000000000000000024 /* OCRTextObservation.swift */; };
		000000000000000000000124 /* TransactionRegionDetector.swift in Sources */ = {isa = PBXBuildFile; fileRef = 000000000000000000000025 /* TransactionRegionDetector.swift */; };
		000000000000000000000125 /* TransactionGrouper.swift in Sources */ = {isa = PBXBuildFile; fileRef = 000000000000000000000026 /* TransactionGrouper.swift */; };
		000000000000000000000126 /* OCRDebugOverlayView.swift in Sources */ = {isa = PBXBuildFile; fileRef = 000000000000000000000027 /* OCRDebugOverlayView.swift */; };
		000000000000000000000127 /* CategoryService.swift in Sources */ = {isa = PBXBuildFile; fileRef = 000000000000000000000028 /* CategoryService.swift */; };
		000000000000000000000128 /* CategoryManagementView.swift in Sources */ = {isa = PBXBuildFile; fileRef = 000000000000000000000029 /* CategoryManagementView.swift */; };
		000000000000000000000129 /* LocalMerchantCategorizer.swift in Sources */ = {isa = PBXBuildFile; fileRef = 00000000000000000000002A /* LocalMerchantCategorizer.swift */; };
		00000000000000000000012B /* OCRTransactionImportService.swift in Sources */ = {isa = PBXBuildFile; fileRef = 00000000000000000000002C /* OCRTransactionImportService.swift */; };
		00000000000000000000012C /* MonthlyTransactionsService.swift in Sources */ = {isa = PBXBuildFile; fileRef = 00000000000000000000002D /* MonthlyTransactionsService.swift */; };
		00000000000000000000012D /* MonthDetailView.swift in Sources */ = {isa = PBXBuildFile; fileRef = 00000000000000000000002E /* MonthDetailView.swift */; };
		00000000000000000000012E /* Array+SafeIndexing.swift in Sources */ = {isa = PBXBuildFile; fileRef = 00000000000000000000002F /* Array+SafeIndexing.swift */; };
		00000000000000000000012F /* ToastCenter.swift in Sources */ = {isa = PBXBuildFile; fileRef = 000000000000000000000030 /* ToastCenter.swift */; };
		000000000000000000000130 /* ToastView.swift in Sources */ = {isa = PBXBuildFile; fileRef = 000000000000000000000031 /* ToastView.swift */; };
		000000000000000000000131 /* ScreenshotBatchImportService.swift in Sources */ = {isa = PBXBuildFile; fileRef = 000000000000000000000032 /* ScreenshotBatchImportService.swift */; };
		000000000000000000000132 /* Account.swift in Sources */ = {isa = PBXBuildFile; fileRef = 000000000000000000000033 /* Account.swift */; };
		000000000000000000000911 /* Budget.swift in Sources */ = {isa = PBXBuildFile; fileRef = 000000000000000000000912 /* Budget.swift */; };
		000000000000000000000133 /* AccountService.swift in Sources */ = {isa = PBXBuildFile; fileRef = 000000000000000000000034 /* AccountService.swift */; };
		000000000000000000000913 /* BudgetService.swift in Sources */ = {isa = PBXBuildFile; fileRef = 000000000000000000000914 /* BudgetService.swift */; };
		0000000000000000000009C0 /* Tag.swift in Sources */ = {isa = PBXBuildFile; fileRef = 0000000000000000000009C1 /* Tag.swift */; };
		0000000000000000000009C2 /* TagService.swift in Sources */ = {isa = PBXBuildFile; fileRef = 0000000000000000000009C3 /* TagService.swift */; };
		0000000000000000000009C4 /* TagManagementView.swift in Sources */ = {isa = PBXBuildFile; fileRef = 0000000000000000000009C5 /* TagManagementView.swift */; };
		000000000000000000000917 /* DataPortabilityService.swift in Sources */ = {isa = PBXBuildFile; fileRef = 000000000000000000000918 /* DataPortabilityService.swift */; };
		000000000000000000000901 /* RecurrenceSchedule.swift in Sources */ = {isa = PBXBuildFile; fileRef = 000000000000000000000902 /* RecurrenceSchedule.swift */; };
		000000000000000000000905 /* RecurringPaymentService.swift in Sources */ = {isa = PBXBuildFile; fileRef = 000000000000000000000906 /* RecurringPaymentService.swift */; };
		00000000000000000000091B /* RecurringReminderService.swift in Sources */ = {isa = PBXBuildFile; fileRef = 00000000000000000000091C /* RecurringReminderService.swift */; };
		00000000000000000000090B /* AppLog.swift in Sources */ = {isa = PBXBuildFile; fileRef = 00000000000000000000090C /* AppLog.swift */; };
		00000000000000000000090F /* Assets.xcassets in Resources */ = {isa = PBXBuildFile; fileRef = 000000000000000000000910 /* Assets.xcassets */; };
		000000000000000000000907 /* MerchantRuleBackfillService.swift in Sources */ = {isa = PBXBuildFile; fileRef = 000000000000000000000908 /* MerchantRuleBackfillService.swift */; };
		000000000000000000000903 /* RecurrenceRuleEditor.swift in Sources */ = {isa = PBXBuildFile; fileRef = 000000000000000000000904 /* RecurrenceRuleEditor.swift */; };
		000000000000000000000134 /* TransactionNormalizer.swift in Sources */ = {isa = PBXBuildFile; fileRef = 000000000000000000000035 /* TransactionNormalizer.swift */; };
		000000000000000000000135 /* BankLayoutProfile.swift in Sources */ = {isa = PBXBuildFile; fileRef = 000000000000000000000036 /* BankLayoutProfile.swift */; };
		000000000000000000000136 /* AccountsView.swift in Sources */ = {isa = PBXBuildFile; fileRef = 000000000000000000000037 /* AccountsView.swift */; };
		000000000000000000000915 /* BudgetsView.swift in Sources */ = {isa = PBXBuildFile; fileRef = 000000000000000000000916 /* BudgetsView.swift */; };
		000000000000000000000919 /* DataPortabilityView.swift in Sources */ = {isa = PBXBuildFile; fileRef = 00000000000000000000091A /* DataPortabilityView.swift */; };
		0000000000000000000009BE /* OnboardingView.swift in Sources */ = {isa = PBXBuildFile; fileRef = 0000000000000000000009BF /* OnboardingView.swift */; };
		000000000000000000000137 /* CategoryDetailView.swift in Sources */ = {isa = PBXBuildFile; fileRef = 000000000000000000000038 /* CategoryDetailView.swift */; };
		000000000000000000000138 /* MerchantRuleEditorView.swift in Sources */ = {isa = PBXBuildFile; fileRef = 000000000000000000000039 /* MerchantRuleEditorView.swift */; };
		000000000000000000000139 /* MonthTransactionsListView.swift in Sources */ = {isa = PBXBuildFile; fileRef = 00000000000000000000003A /* MonthTransactionsListView.swift */; };
		00000000000000000000013A /* AppNavigationModel.swift in Sources */ = {isa = PBXBuildFile; fileRef = 00000000000000000000003B /* AppNavigationModel.swift */; };
		00000000000000000000013B /* MoreView.swift in Sources */ = {isa = PBXBuildFile; fileRef = 00000000000000000000003C /* MoreView.swift */; };
		0000000000000000000009A4 /* MyCostTests.swift in Sources */ = {isa = PBXBuildFile; fileRef = 0000000000000000000009A3 /* MyCostTests.swift */; };
		0000000000000000000009B4 /* MyCostUITests.swift in Sources */ = {isa = PBXBuildFile; fileRef = 0000000000000000000009B3 /* MyCostUITests.swift */; };
/* End PBXBuildFile section */

/* Begin PBXFileReference section */
		000000000000000000000001 /* MyCostApp.swift */ = {isa = PBXFileReference; lastKnownFileType = sourcecode.swift; path = MyCostApp.swift; sourceTree = "<group>"; };
		000000000000000000000002 /* Transaction.swift */ = {isa = PBXFileReference; lastKnownFileType = sourcecode.swift; path = Transaction.swift; sourceTree = "<group>"; };
		000000000000000000000003 /* Category.swift */ = {isa = PBXFileReference; lastKnownFileType = sourcecode.swift; path = Category.swift; sourceTree = "<group>"; };
		000000000000000000000004 /* MerchantRule.swift */ = {isa = PBXFileReference; lastKnownFileType = sourcecode.swift; path = MerchantRule.swift; sourceTree = "<group>"; };
		000000000000000000000005 /* RecurringPayment.swift */ = {isa = PBXFileReference; lastKnownFileType = sourcecode.swift; path = RecurringPayment.swift; sourceTree = "<group>"; };
		000000000000000000000006 /* SeedDataService.swift */ = {isa = PBXFileReference; lastKnownFileType = sourcecode.swift; path = SeedDataService.swift; sourceTree = "<group>"; };
		000000000000000000000007 /* DuplicateDetector.swift */ = {isa = PBXFileReference; lastKnownFileType = sourcecode.swift; path = DuplicateDetector.swift; sourceTree = "<group>"; };
		000000000000000000000008 /* ScreenshotImportService.swift */ = {isa = PBXFileReference; lastKnownFileType = sourcecode.swift; path = ScreenshotImportService.swift; sourceTree = "<group>"; };
		000000000000000000000009 /* MerchantRuleService.swift */ = {isa = PBXFileReference; lastKnownFileType = sourcecode.swift; path = MerchantRuleService.swift; sourceTree = "<group>"; };
		00000000000000000000000A /* SpendingAnalytics.swift */ = {isa = PBXFileReference; lastKnownFileType = sourcecode.swift; path = SpendingAnalytics.swift; sourceTree = "<group>"; };
		00000000000000000000000B /* RootTabView.swift */ = {isa = PBXFileReference; lastKnownFileType = sourcecode.swift; path = RootTabView.swift; sourceTree = "<group>"; };
		00000000000000000000000C /* DashboardView.swift */ = {isa = PBXFileReference; lastKnownFileType = sourcecode.swift; path = DashboardView.swift; sourceTree = "<group>"; };
		00000000000000000000000D /* ImportView.swift */ = {isa = PBXFileReference; lastKnownFileType = sourcecode.swift; path = ImportView.swift; sourceTree = "<group>"; };
		00000000000000000000000E /* ReviewTransactionsView.swift */ = {isa = PBXFileReference; lastKnownFileType = sourcecode.swift; path = ReviewTransactionsView.swift; sourceTree = "<group>"; };
		00000000000000000000000F /* TransactionHistoryView.swift */ = {isa = PBXFileReference; lastKnownFileType = sourcecode.swift; path = TransactionHistoryView.swift; sourceTree = "<group>"; };
		000000000000000000000010 /* TransactionDetailView.swift */ = {isa = PBXFileReference; lastKnownFileType = sourcecode.swift; path = TransactionDetailView.swift; sourceTree = "<group>"; };
		000000000000000000000011 /* TransactionEditorView.swift */ = {isa = PBXFileReference; lastKnownFileType = sourcecode.swift; path = TransactionEditorView.swift; sourceTree = "<group>"; };
		000000000000000000000012 /* Formatters.swift */ = {isa = PBXFileReference; lastKnownFileType = sourcecode.swift; path = Formatters.swift; sourceTree = "<group>"; };
		00000000000000000000090E /* Theme.swift */ = {isa = PBXFileReference; lastKnownFileType = sourcecode.swift; path = Theme.swift; sourceTree = "<group>"; };
		000000000000000000000013 /* TransactionRowView.swift */ = {isa = PBXFileReference; lastKnownFileType = sourcecode.swift; path = TransactionRowView.swift; sourceTree = "<group>"; };
		000000000000000000000904 /* RecurrenceRuleEditor.swift */ = {isa = PBXFileReference; lastKnownFileType = sourcecode.swift; path = RecurrenceRuleEditor.swift; sourceTree = "<group>"; };
		000000000000000000000014 /* MyCost.app */ = {isa = PBXFileReference; explicitFileType = wrapper.application; includeInIndex = 0; path = MyCost.app; sourceTree = BUILT_PRODUCTS_DIR; };
		000000000000000000000015 /* VisionOCRService.swift */ = {isa = PBXFileReference; lastKnownFileType = sourcecode.swift; path = VisionOCRService.swift; sourceTree = "<group>"; };
		000000000000000000000016 /* ImagePicker.swift */ = {isa = PBXFileReference; lastKnownFileType = sourcecode.swift; path = ImagePicker.swift; sourceTree = "<group>"; };
		000000000000000000000017 /* TransactionCandidateParser.swift */ = {isa = PBXFileReference; lastKnownFileType = sourcecode.swift; path = TransactionCandidateParser.swift; sourceTree = "<group>"; };
		000000000000000000000018 /* OCRTransactionReviewStore.swift */ = {isa = PBXFileReference; lastKnownFileType = sourcecode.swift; path = OCRTransactionReviewStore.swift; sourceTree = "<group>"; };
		000000000000000000000019 /* MerchantRulesView.swift */ = {isa = PBXFileReference; lastKnownFileType = sourcecode.swift; path = MerchantRulesView.swift; sourceTree = "<group>"; };
		00000000000000000000001A /* RecurringPaymentSuggestionService.swift */ = {isa = PBXFileReference; lastKnownFileType = sourcecode.swift; path = RecurringPaymentSuggestionService.swift; sourceTree = "<group>"; };
		00000000000000000000001B /* RecurringPaymentsView.swift */ = {isa = PBXFileReference; lastKnownFileType = sourcecode.swift; path = RecurringPaymentsView.swift; sourceTree = "<group>"; };
		00000000000000000000001C /* OCRTransactionImportCoordinator.swift */ = {isa = PBXFileReference; lastKnownFileType = sourcecode.swift; path = OCRTransactionImportCoordinator.swift; sourceTree = "<group>"; };
		000000000000000000000020 /* MerchantCategorizationCoordinator.swift */ = {isa = PBXFileReference; lastKnownFileType = sourcecode.swift; path = MerchantCategorizationCoordinator.swift; sourceTree = "<group>"; };
		000000000000000000000023 /* TransactionTextHeuristics.swift */ = {isa = PBXFileReference; lastKnownFileType = sourcecode.swift; path = TransactionTextHeuristics.swift; sourceTree = "<group>"; };
		000000000000000000000024 /* OCRTextObservation.swift */ = {isa = PBXFileReference; lastKnownFileType = sourcecode.swift; path = OCRTextObservation.swift; sourceTree = "<group>"; };
		000000000000000000000025 /* TransactionRegionDetector.swift */ = {isa = PBXFileReference; lastKnownFileType = sourcecode.swift; path = TransactionRegionDetector.swift; sourceTree = "<group>"; };
		000000000000000000000026 /* TransactionGrouper.swift */ = {isa = PBXFileReference; lastKnownFileType = sourcecode.swift; path = TransactionGrouper.swift; sourceTree = "<group>"; };
		000000000000000000000027 /* OCRDebugOverlayView.swift */ = {isa = PBXFileReference; lastKnownFileType = sourcecode.swift; path = OCRDebugOverlayView.swift; sourceTree = "<group>"; };
		000000000000000000000028 /* CategoryService.swift */ = {isa = PBXFileReference; lastKnownFileType = sourcecode.swift; path = CategoryService.swift; sourceTree = "<group>"; };
		000000000000000000000029 /* CategoryManagementView.swift */ = {isa = PBXFileReference; lastKnownFileType = sourcecode.swift; path = CategoryManagementView.swift; sourceTree = "<group>"; };
		00000000000000000000002A /* LocalMerchantCategorizer.swift */ = {isa = PBXFileReference; lastKnownFileType = sourcecode.swift; path = LocalMerchantCategorizer.swift; sourceTree = "<group>"; };
		00000000000000000000002C /* OCRTransactionImportService.swift */ = {isa = PBXFileReference; lastKnownFileType = sourcecode.swift; path = OCRTransactionImportService.swift; sourceTree = "<group>"; };
		00000000000000000000002D /* MonthlyTransactionsService.swift */ = {isa = PBXFileReference; lastKnownFileType = sourcecode.swift; path = MonthlyTransactionsService.swift; sourceTree = "<group>"; };
		00000000000000000000002E /* MonthDetailView.swift */ = {isa = PBXFileReference; lastKnownFileType = sourcecode.swift; path = MonthDetailView.swift; sourceTree = "<group>"; };
		00000000000000000000002F /* Array+SafeIndexing.swift */ = {isa = PBXFileReference; lastKnownFileType = sourcecode.swift; path = "Array+SafeIndexing.swift"; sourceTree = "<group>"; };
		000000000000000000000030 /* ToastCenter.swift */ = {isa = PBXFileReference; lastKnownFileType = sourcecode.swift; path = ToastCenter.swift; sourceTree = "<group>"; };
		000000000000000000000031 /* ToastView.swift */ = {isa = PBXFileReference; lastKnownFileType = sourcecode.swift; path = ToastView.swift; sourceTree = "<group>"; };
		000000000000000000000032 /* ScreenshotBatchImportService.swift */ = {isa = PBXFileReference; lastKnownFileType = sourcecode.swift; path = ScreenshotBatchImportService.swift; sourceTree = "<group>"; };
		000000000000000000000033 /* Account.swift */ = {isa = PBXFileReference; lastKnownFileType = sourcecode.swift; path = Account.swift; sourceTree = "<group>"; };
		000000000000000000000912 /* Budget.swift */ = {isa = PBXFileReference; lastKnownFileType = sourcecode.swift; path = Budget.swift; sourceTree = "<group>"; };
		000000000000000000000034 /* AccountService.swift */ = {isa = PBXFileReference; lastKnownFileType = sourcecode.swift; path = AccountService.swift; sourceTree = "<group>"; };
		000000000000000000000914 /* BudgetService.swift */ = {isa = PBXFileReference; lastKnownFileType = sourcecode.swift; path = BudgetService.swift; sourceTree = "<group>"; };
		0000000000000000000009C1 /* Tag.swift */ = {isa = PBXFileReference; lastKnownFileType = sourcecode.swift; path = Tag.swift; sourceTree = "<group>"; };
		0000000000000000000009C3 /* TagService.swift */ = {isa = PBXFileReference; lastKnownFileType = sourcecode.swift; path = TagService.swift; sourceTree = "<group>"; };
		0000000000000000000009C5 /* TagManagementView.swift */ = {isa = PBXFileReference; lastKnownFileType = sourcecode.swift; path = Tags/TagManagementView.swift; sourceTree = "<group>"; };
		000000000000000000000918 /* DataPortabilityService.swift */ = {isa = PBXFileReference; lastKnownFileType = sourcecode.swift; path = DataPortabilityService.swift; sourceTree = "<group>"; };
		000000000000000000000902 /* RecurrenceSchedule.swift */ = {isa = PBXFileReference; lastKnownFileType = sourcecode.swift; path = RecurrenceSchedule.swift; sourceTree = "<group>"; };
		000000000000000000000906 /* RecurringPaymentService.swift */ = {isa = PBXFileReference; lastKnownFileType = sourcecode.swift; path = RecurringPaymentService.swift; sourceTree = "<group>"; };
		00000000000000000000091C /* RecurringReminderService.swift */ = {isa = PBXFileReference; lastKnownFileType = sourcecode.swift; path = RecurringReminderService.swift; sourceTree = "<group>"; };
		00000000000000000000090C /* AppLog.swift */ = {isa = PBXFileReference; lastKnownFileType = sourcecode.swift; path = AppLog.swift; sourceTree = "<group>"; };
		000000000000000000000910 /* Assets.xcassets */ = {isa = PBXFileReference; lastKnownFileType = folder.assetcatalog; path = Assets.xcassets; sourceTree = "<group>"; };
		000000000000000000000908 /* MerchantRuleBackfillService.swift */ = {isa = PBXFileReference; lastKnownFileType = sourcecode.swift; path = MerchantRuleBackfillService.swift; sourceTree = "<group>"; };
		000000000000000000000035 /* TransactionNormalizer.swift */ = {isa = PBXFileReference; lastKnownFileType = sourcecode.swift; path = TransactionNormalizer.swift; sourceTree = "<group>"; };
		000000000000000000000036 /* BankLayoutProfile.swift */ = {isa = PBXFileReference; lastKnownFileType = sourcecode.swift; path = BankLayoutProfile.swift; sourceTree = "<group>"; };
		000000000000000000000037 /* AccountsView.swift */ = {isa = PBXFileReference; lastKnownFileType = sourcecode.swift; path = Accounts/AccountsView.swift; sourceTree = "<group>"; };
		000000000000000000000916 /* BudgetsView.swift */ = {isa = PBXFileReference; lastKnownFileType = sourcecode.swift; path = Budgets/BudgetsView.swift; sourceTree = "<group>"; };
		00000000000000000000091A /* DataPortabilityView.swift */ = {isa = PBXFileReference; lastKnownFileType = sourcecode.swift; path = DataPortability/DataPortabilityView.swift; sourceTree = "<group>"; };
		0000000000000000000009BF /* OnboardingView.swift */ = {isa = PBXFileReference; lastKnownFileType = sourcecode.swift; path = Onboarding/OnboardingView.swift; sourceTree = "<group>"; };
		000000000000000000000038 /* CategoryDetailView.swift */ = {isa = PBXFileReference; lastKnownFileType = sourcecode.swift; path = CategoryDetailView.swift; sourceTree = "<group>"; };
		000000000000000000000039 /* MerchantRuleEditorView.swift */ = {isa = PBXFileReference; lastKnownFileType = sourcecode.swift; path = MerchantRuleEditorView.swift; sourceTree = "<group>"; };
		00000000000000000000003A /* MonthTransactionsListView.swift */ = {isa = PBXFileReference; lastKnownFileType = sourcecode.swift; path = MonthTransactionsListView.swift; sourceTree = "<group>"; };
		00000000000000000000003B /* AppNavigationModel.swift */ = {isa = PBXFileReference; lastKnownFileType = sourcecode.swift; path = AppNavigationModel.swift; sourceTree = "<group>"; };
		00000000000000000000003C /* MoreView.swift */ = {isa = PBXFileReference; lastKnownFileType = sourcecode.swift; path = MoreView.swift; sourceTree = "<group>"; };
		8A26197730479CE900C9C94A /* Info.plist */ = {isa = PBXFileReference; lastKnownFileType = text.plist; path = Info.plist; sourceTree = "<group>"; };
		0000000000000000000009A2 /* MyCostTests.xctest */ = {isa = PBXFileReference; explicitFileType = wrapper.cfbundle; includeInIndex = 0; path = MyCostTests.xctest; sourceTree = BUILT_PRODUCTS_DIR; };
		0000000000000000000009A3 /* MyCostTests.swift */ = {isa = PBXFileReference; lastKnownFileType = sourcecode.swift; path = MyCostTests.swift; sourceTree = "<group>"; };
		0000000000000000000009B2 /* MyCostUITests.xctest */ = {isa = PBXFileReference; explicitFileType = wrapper.cfbundle; includeInIndex = 0; path = MyCostUITests.xctest; sourceTree = BUILT_PRODUCTS_DIR; };
		0000000000000000000009B3 /* MyCostUITests.swift */ = {isa = PBXFileReference; lastKnownFileType = sourcecode.swift; path = MyCostUITests.swift; sourceTree = "<group>"; };
/* End PBXFileReference section */

/* Begin PBXFrameworksBuildPhase section */
		000000000000000000000201 /* Frameworks */ = {
			isa = PBXFrameworksBuildPhase;
			buildActionMask = 2147483647;
			files = (
			);
			runOnlyForDeploymentPostprocessing = 0;
		};
		0000000000000000000009A7 /* Frameworks */ = {
			isa = PBXFrameworksBuildPhase;
			buildActionMask = 2147483647;
			files = (
			);
			runOnlyForDeploymentPostprocessing = 0;
		};
		0000000000000000000009B7 /* Frameworks */ = {
			isa = PBXFrameworksBuildPhase;
			buildActionMask = 2147483647;
			files = (
			);
			runOnlyForDeploymentPostprocessing = 0;
		};
/* End PBXFrameworksBuildPhase section */

/* Begin PBXGroup section */
		000000000000000000000301 = {
			isa = PBXGroup;
			children = (
				000000000000000000000302 /* MyCost */,
				0000000000000000000009A5 /* MyCostTests */,
				0000000000000000000009B5 /* MyCostUITests */,
				000000000000000000000303 /* Products */,
			);
			sourceTree = "<group>";
		};
		000000000000000000000302 /* MyCost */ = {
			isa = PBXGroup;
			children = (
				8A26197730479CE900C9C94A /* Info.plist */,
				000000000000000000000001 /* MyCostApp.swift */,
				000000000000000000000910 /* Assets.xcassets */,
				000000000000000000000304 /* Models */,
				000000000000000000000305 /* Services */,
				000000000000000000000306 /* Views */,
			);
			path = MyCost;
			sourceTree = "<group>";
		};
		000000000000000000000303 /* Products */ = {
			isa = PBXGroup;
			children = (
				000000000000000000000014 /* MyCost.app */,
				0000000000000000000009A2 /* MyCostTests.xctest */,
				0000000000000000000009B2 /* MyCostUITests.xctest */,
			);
			name = Products;
			sourceTree = "<group>";
		};
		0000000000000000000009A5 /* MyCostTests */ = {
			isa = PBXGroup;
			children = (
				0000000000000000000009A3 /* MyCostTests.swift */,
			);
			path = MyCostTests;
			sourceTree = "<group>";
		};
		0000000000000000000009B5 /* MyCostUITests */ = {
			isa = PBXGroup;
			children = (
				0000000000000000000009B3 /* MyCostUITests.swift */,
			);
			path = MyCostUITests;
			sourceTree = "<group>";
		};
		000000000000000000000304 /* Models */ = {
			isa = PBXGroup;
			children = (
				000000000000000000000002 /* Transaction.swift */,
				000000000000000000000003 /* Category.swift */,
				000000000000000000000004 /* MerchantRule.swift */,
				000000000000000000000005 /* RecurringPayment.swift */,
				000000000000000000000033 /* Account.swift */,
				000000000000000000000912 /* Budget.swift */,
				0000000000000000000009C1 /* Tag.swift */,
			);
			path = Models;
			sourceTree = "<group>";
		};
		000000000000000000000305 /* Services */ = {
			isa = PBXGroup;
			children = (
				000000000000000000000006 /* SeedDataService.swift */,
				000000000000000000000007 /* DuplicateDetector.swift */,
				000000000000000000000008 /* ScreenshotImportService.swift */,
				000000000000000000000032 /* ScreenshotBatchImportService.swift */,
				000000000000000000000015 /* VisionOCRService.swift */,
				000000000000000000000017 /* TransactionCandidateParser.swift */,
				000000000000000000000018 /* OCRTransactionReviewStore.swift */,
				00000000000000000000001C /* OCRTransactionImportCoordinator.swift */,
				00000000000000000000002C /* OCRTransactionImportService.swift */,
				00000000000000000000002D /* MonthlyTransactionsService.swift */,
				00000000000000000000002F /* Array+SafeIndexing.swift */,
				000000000000000000000030 /* ToastCenter.swift */,
				000000000000000000000023 /* TransactionTextHeuristics.swift */,
				000000000000000000000024 /* OCRTextObservation.swift */,
				000000000000000000000025 /* TransactionRegionDetector.swift */,
				000000000000000000000026 /* TransactionGrouper.swift */,
				000000000000000000000009 /* MerchantRuleService.swift */,
				000000000000000000000020 /* MerchantCategorizationCoordinator.swift */,
				000000000000000000000028 /* CategoryService.swift */,
				00000000000000000000002A /* LocalMerchantCategorizer.swift */,
				00000000000000000000000A /* SpendingAnalytics.swift */,
				00000000000000000000001A /* RecurringPaymentSuggestionService.swift */,
				000000000000000000000034 /* AccountService.swift */,
				000000000000000000000914 /* BudgetService.swift */,
				0000000000000000000009C3 /* TagService.swift */,
				000000000000000000000918 /* DataPortabilityService.swift */,
				000000000000000000000902 /* RecurrenceSchedule.swift */,
				000000000000000000000906 /* RecurringPaymentService.swift */,
				00000000000000000000091C /* RecurringReminderService.swift */,
				00000000000000000000090C /* AppLog.swift */,
				000000000000000000000908 /* MerchantRuleBackfillService.swift */,
				000000000000000000000035 /* TransactionNormalizer.swift */,
				000000000000000000000036 /* BankLayoutProfile.swift */,
			);
			path = Services;
			sourceTree = "<group>";
		};
		000000000000000000000306 /* Views */ = {
			isa = PBXGroup;
			children = (
				00000000000000000000000B /* RootTabView.swift */,
				00000000000000000000003B /* AppNavigationModel.swift */,
				00000000000000000000003C /* MoreView.swift */,
				000000000000000000000307 /* Dashboard */,
				000000000000000000000308 /* Import */,
				000000000000000000000309 /* Review */,
				00000000000000000000030E /* Rules */,
				000000000000000000000310 /* Categories */,
				00000000000000000000030F /* Recurring */,
				00000000000000000000030A /* History */,
				00000000000000000000030B /* Details */,
				00000000000000000000030C /* Components */,
				000000000000000000000037 /* AccountsView.swift */,
				000000000000000000000916 /* BudgetsView.swift */,
				00000000000000000000091A /* DataPortabilityView.swift */,
				0000000000000000000009BF /* OnboardingView.swift */,
				0000000000000000000009C5 /* TagManagementView.swift */,
				00000000000000000000030D /* Shared */,
			);
			path = Views;
			sourceTree = "<group>";
		};
		000000000000000000000307 /* Dashboard */ = {
			isa = PBXGroup;
			children = (
				00000000000000000000000C /* DashboardView.swift */,
				00000000000000000000002E /* MonthDetailView.swift */,
				000000000000000000000038 /* CategoryDetailView.swift */,
				00000000000000000000003A /* MonthTransactionsListView.swift */,
			);
			path = Dashboard;
			sourceTree = "<group>";
		};
		000000000000000000000308 /* Import */ = {
			isa = PBXGroup;
			children = (
				00000000000000000000000D /* ImportView.swift */,
				000000000000000000000027 /* OCRDebugOverlayView.swift */,
			);
			path = Import;
			sourceTree = "<group>";
		};
		000000000000000000000309 /* Review */ = {
			isa = PBXGroup;
			children = (
				00000000000000000000000E /* ReviewTransactionsView.swift */,
			);
			path = Review;
			sourceTree = "<group>";
		};
		00000000000000000000030A /* History */ = {
			isa = PBXGroup;
			children = (
				00000000000000000000000F /* TransactionHistoryView.swift */,
			);
			path = History;
			sourceTree = "<group>";
		};
		00000000000000000000030B /* Details */ = {
			isa = PBXGroup;
			children = (
				000000000000000000000010 /* TransactionDetailView.swift */,
				000000000000000000000011 /* TransactionEditorView.swift */,
			);
			path = Details;
			sourceTree = "<group>";
		};
		00000000000000000000030C /* Components */ = {
			isa = PBXGroup;
			children = (
				000000000000000000000012 /* Formatters.swift */,
				00000000000000000000090E /* Theme.swift */,
				000000000000000000000013 /* TransactionRowView.swift */,
				000000000000000000000904 /* RecurrenceRuleEditor.swift */,
			);
			path = Components;
			sourceTree = "<group>";
		};
		00000000000000000000030D /* Shared */ = {
			isa = PBXGroup;
			children = (
				000000000000000000000016 /* ImagePicker.swift */,
				000000000000000000000031 /* ToastView.swift */,
			);
			path = Shared;
			sourceTree = "<group>";
		};
		00000000000000000000030E /* Rules */ = {
			isa = PBXGroup;
			children = (
				000000000000000000000019 /* MerchantRulesView.swift */,
				000000000000000000000039 /* MerchantRuleEditorView.swift */,
			);
			path = Rules;
			sourceTree = "<group>";
		};
		00000000000000000000030F /* Recurring */ = {
			isa = PBXGroup;
			children = (
				00000000000000000000001B /* RecurringPaymentsView.swift */,
			);
			path = Recurring;
			sourceTree = "<group>";
		};
		000000000000000000000310 /* Categories */ = {
			isa = PBXGroup;
			children = (
				000000000000000000000029 /* CategoryManagementView.swift */,
			);
			path = Categories;
			sourceTree = "<group>";
		};
/* End PBXGroup section */

/* Begin PBXNativeTarget section */
		000000000000000000000401 /* MyCost */ = {
			isa = PBXNativeTarget;
			buildConfigurationList = 000000000000000000000701 /* Build configuration list for PBXNativeTarget "MyCost" */;
			buildPhases = (
				000000000000000000000501 /* Sources */,
				000000000000000000000201 /* Frameworks */,
				000000000000000000000502 /* Resources */,
			);
			buildRules = (
			);
			dependencies = (
			);
			name = MyCost;
			productName = MyCost;
			productReference = 000000000000000000000014 /* MyCost.app */;
			productType = "com.apple.product-type.application";
		};
		0000000000000000000009A1 /* MyCostTests */ = {
			isa = PBXNativeTarget;
			buildConfigurationList = 0000000000000000000009AB /* Build configuration list for PBXNativeTarget "MyCostTests" */;
			buildPhases = (
				0000000000000000000009A6 /* Sources */,
				0000000000000000000009A7 /* Frameworks */,
				0000000000000000000009A8 /* Resources */,
			);
			buildRules = (
			);
			dependencies = (
				0000000000000000000009AA /* PBXTargetDependency */,
			);
			name = MyCostTests;
			productName = MyCostTests;
			productReference = 0000000000000000000009A2 /* MyCostTests.xctest */;
			productType = "com.apple.product-type.bundle.unit-test";
		};
		0000000000000000000009B1 /* MyCostUITests */ = {
			isa = PBXNativeTarget;
			buildConfigurationList = 0000000000000000000009BB /* Build configuration list for PBXNativeTarget "MyCostUITests" */;
			buildPhases = (
				0000000000000000000009B6 /* Sources */,
				0000000000000000000009B7 /* Frameworks */,
				0000000000000000000009B8 /* Resources */,
			);
			buildRules = (
			);
			dependencies = (
				0000000000000000000009BA /* PBXTargetDependency */,
			);
			name = MyCostUITests;
			productName = MyCostUITests;
			productReference = 0000000000000000000009B2 /* MyCostUITests.xctest */;
			productType = "com.apple.product-type.bundle.ui-testing";
		};
/* End PBXNativeTarget section */

/* Begin PBXProject section */
		000000000000000000000601 /* Project object */ = {
			isa = PBXProject;
			attributes = {
				BuildIndependentTargetsInParallel = 1;
				LastSwiftUpdateCheck = 1600;
				LastUpgradeCheck = 2660;
				TargetAttributes = {
					000000000000000000000401 = {
						CreatedOnToolsVersion = 16.0;
					};
					0000000000000000000009A1 = {
						CreatedOnToolsVersion = 16.0;
						TestTargetID = 000000000000000000000401;
					};
					0000000000000000000009B1 = {
						CreatedOnToolsVersion = 16.0;
						TestTargetID = 000000000000000000000401;
					};
				};
			};
			buildConfigurationList = 000000000000000000000700 /* Build configuration list for PBXProject "MyCost" */;
			compatibilityVersion = "Xcode 14.0";
			developmentRegion = en;
			hasScannedForEncodings = 0;
			knownRegions = (
				en,
				Base,
			);
			mainGroup = 000000000000000000000301;
			productRefGroup = 000000000000000000000303 /* Products */;
			projectDirPath = "";
			projectRoot = "";
			targets = (
				000000000000000000000401 /* MyCost */,
				0000000000000000000009A1 /* MyCostTests */,
				0000000000000000000009B1 /* MyCostUITests */,
			);
		};
/* End PBXProject section */

/* Begin PBXResourcesBuildPhase section */
		000000000000000000000502 /* Resources */ = {
			isa = PBXResourcesBuildPhase;
			buildActionMask = 2147483647;
			files = (
				00000000000000000000090F /* Assets.xcassets in Resources */,
			);
			runOnlyForDeploymentPostprocessing = 0;
		};
		0000000000000000000009A8 /* Resources */ = {
			isa = PBXResourcesBuildPhase;
			buildActionMask = 2147483647;
			files = (
			);
			runOnlyForDeploymentPostprocessing = 0;
		};
		0000000000000000000009B8 /* Resources */ = {
			isa = PBXResourcesBuildPhase;
			buildActionMask = 2147483647;
			files = (
			);
			runOnlyForDeploymentPostprocessing = 0;
		};
/* End PBXResourcesBuildPhase section */

/* Begin PBXSourcesBuildPhase section */
		000000000000000000000501 /* Sources */ = {
			isa = PBXSourcesBuildPhase;
			buildActionMask = 2147483647;
			files = (
				000000000000000000000101 /* MyCostApp.swift in Sources */,
				000000000000000000000102 /* Transaction.swift in Sources */,
				000000000000000000000103 /* Category.swift in Sources */,
				000000000000000000000104 /* MerchantRule.swift in Sources */,
				000000000000000000000105 /* RecurringPayment.swift in Sources */,
				000000000000000000000106 /* SeedDataService.swift in Sources */,
				000000000000000000000107 /* DuplicateDetector.swift in Sources */,
				000000000000000000000108 /* ScreenshotImportService.swift in Sources */,
				000000000000000000000131 /* ScreenshotBatchImportService.swift in Sources */,
				000000000000000000000132 /* Account.swift in Sources */,
				000000000000000000000911 /* Budget.swift in Sources */,
				0000000000000000000009C0 /* Tag.swift in Sources */,
				0000000000000000000009C2 /* TagService.swift in Sources */,
				0000000000000000000009C4 /* TagManagementView.swift in Sources */,
				000000000000000000000133 /* AccountService.swift in Sources */,
				000000000000000000000913 /* BudgetService.swift in Sources */,
				000000000000000000000917 /* DataPortabilityService.swift in Sources */,
				000000000000000000000901 /* RecurrenceSchedule.swift in Sources */,
				000000000000000000000905 /* RecurringPaymentService.swift in Sources */,
				00000000000000000000091B /* RecurringReminderService.swift in Sources */,
				00000000000000000000090B /* AppLog.swift in Sources */,
				000000000000000000000907 /* MerchantRuleBackfillService.swift in Sources */,
				000000000000000000000134 /* TransactionNormalizer.swift in Sources */,
				000000000000000000000135 /* BankLayoutProfile.swift in Sources */,
				000000000000000000000136 /* AccountsView.swift in Sources */,
				000000000000000000000915 /* BudgetsView.swift in Sources */,
				000000000000000000000919 /* DataPortabilityView.swift in Sources */,
				0000000000000000000009BE /* OnboardingView.swift in Sources */,
				000000000000000000000137 /* CategoryDetailView.swift in Sources */,
				000000000000000000000138 /* MerchantRuleEditorView.swift in Sources */,
				000000000000000000000139 /* MonthTransactionsListView.swift in Sources */,
				00000000000000000000013A /* AppNavigationModel.swift in Sources */,
				00000000000000000000013B /* MoreView.swift in Sources */,
				000000000000000000000114 /* VisionOCRService.swift in Sources */,
				000000000000000000000116 /* TransactionCandidateParser.swift in Sources */,
				000000000000000000000117 /* OCRTransactionReviewStore.swift in Sources */,
				00000000000000000000011B /* OCRTransactionImportCoordinator.swift in Sources */,
				00000000000000000000012B /* OCRTransactionImportService.swift in Sources */,
				00000000000000000000012C /* MonthlyTransactionsService.swift in Sources */,
				00000000000000000000012D /* MonthDetailView.swift in Sources */,
				00000000000000000000012E /* Array+SafeIndexing.swift in Sources */,
				00000000000000000000012F /* ToastCenter.swift in Sources */,
				000000000000000000000130 /* ToastView.swift in Sources */,
				00000000000000000000011F /* MerchantCategorizationCoordinator.swift in Sources */,
				000000000000000000000122 /* TransactionTextHeuristics.swift in Sources */,
				000000000000000000000123 /* OCRTextObservation.swift in Sources */,
				000000000000000000000124 /* TransactionRegionDetector.swift in Sources */,
				000000000000000000000125 /* TransactionGrouper.swift in Sources */,
				000000000000000000000126 /* OCRDebugOverlayView.swift in Sources */,
				000000000000000000000127 /* CategoryService.swift in Sources */,
				000000000000000000000128 /* CategoryManagementView.swift in Sources */,
				000000000000000000000129 /* LocalMerchantCategorizer.swift in Sources */,
				000000000000000000000109 /* MerchantRuleService.swift in Sources */,
				00000000000000000000010A /* SpendingAnalytics.swift in Sources */,
				000000000000000000000119 /* RecurringPaymentSuggestionService.swift in Sources */,
				00000000000000000000010B /* RootTabView.swift in Sources */,
				00000000000000000000010C /* DashboardView.swift in Sources */,
				00000000000000000000010D /* ImportView.swift in Sources */,
				00000000000000000000010E /* ReviewTransactionsView.swift in Sources */,
				000000000000000000000118 /* MerchantRulesView.swift in Sources */,
				00000000000000000000011A /* RecurringPaymentsView.swift in Sources */,
				00000000000000000000010F /* TransactionHistoryView.swift in Sources */,
				000000000000000000000110 /* TransactionDetailView.swift in Sources */,
				000000000000000000000111 /* TransactionEditorView.swift in Sources */,
				000000000000000000000112 /* Formatters.swift in Sources */,
				00000000000000000000090D /* Theme.swift in Sources */,
				000000000000000000000113 /* TransactionRowView.swift in Sources */,
				000000000000000000000903 /* RecurrenceRuleEditor.swift in Sources */,
				000000000000000000000115 /* ImagePicker.swift in Sources */,
			);
			runOnlyForDeploymentPostprocessing = 0;
		};
		0000000000000000000009A6 /* Sources */ = {
			isa = PBXSourcesBuildPhase;
			buildActionMask = 2147483647;
			files = (
				0000000000000000000009A4 /* MyCostTests.swift in Sources */,
			);
			runOnlyForDeploymentPostprocessing = 0;
		};
		0000000000000000000009B6 /* Sources */ = {
			isa = PBXSourcesBuildPhase;
			buildActionMask = 2147483647;
			files = (
				0000000000000000000009B4 /* MyCostUITests.swift in Sources */,
			);
			runOnlyForDeploymentPostprocessing = 0;
		};
/* End PBXSourcesBuildPhase section */

/* Begin PBXTargetDependency section */
		0000000000000000000009AA /* PBXTargetDependency */ = {
			isa = PBXTargetDependency;
			target = 000000000000000000000401 /* MyCost */;
			targetProxy = 0000000000000000000009A9 /* PBXContainerItemProxy */;
		};
		0000000000000000000009BA /* PBXTargetDependency */ = {
			isa = PBXTargetDependency;
			target = 000000000000000000000401 /* MyCost */;
			targetProxy = 0000000000000000000009B9 /* PBXContainerItemProxy */;
		};
/* End PBXTargetDependency section */

/* Begin PBXContainerItemProxy section */
		0000000000000000000009A9 /* PBXContainerItemProxy */ = {
			isa = PBXContainerItemProxy;
			containerPortal = 000000000000000000000601 /* Project object */;
			proxyType = 1;
			remoteGlobalIDString = 000000000000000000000401;
			remoteInfo = MyCost;
		};
		0000000000000000000009B9 /* PBXContainerItemProxy */ = {
			isa = PBXContainerItemProxy;
			containerPortal = 000000000000000000000601 /* Project object */;
			proxyType = 1;
			remoteGlobalIDString = 000000000000000000000401;
			remoteInfo = MyCost;
		};
/* End PBXContainerItemProxy section */

/* Begin XCBuildConfiguration section */
		000000000000000000000801 /* Debug */ = {
			isa = XCBuildConfiguration;
			buildSettings = {
				ALWAYS_SEARCH_USER_PATHS = NO;
				CLANG_ENABLE_MODULES = YES;
				CLANG_ENABLE_OBJC_ARC = YES;
				CLANG_WARN_BLOCK_CAPTURE_AUTORELEASING = YES;
				CLANG_WARN_BOOL_CONVERSION = YES;
				CLANG_WARN_COMMA = YES;
				CLANG_WARN_CONSTANT_CONVERSION = YES;
				CLANG_WARN_DEPRECATED_OBJC_IMPLEMENTATIONS = YES;
				CLANG_WARN_EMPTY_BODY = YES;
				CLANG_WARN_ENUM_CONVERSION = YES;
				CLANG_WARN_INFINITE_RECURSION = YES;
				CLANG_WARN_INT_CONVERSION = YES;
				CLANG_WARN_NON_LITERAL_NULL_CONVERSION = YES;
				CLANG_WARN_OBJC_IMPLICIT_RETAIN_SELF = YES;
				CLANG_WARN_OBJC_LITERAL_CONVERSION = YES;
				CLANG_WARN_QUOTED_INCLUDE_IN_FRAMEWORK_HEADER = YES;
				CLANG_WARN_RANGE_LOOP_ANALYSIS = YES;
				CLANG_WARN_STRICT_PROTOTYPES = YES;
				CLANG_WARN_SUSPICIOUS_MOVE = YES;
				CLANG_WARN_UNREACHABLE_CODE = YES;
				CLANG_WARN__DUPLICATE_METHOD_MATCH = YES;
				COPY_PHASE_STRIP = NO;
				DEBUG_INFORMATION_FORMAT = dwarf;
				DEVELOPMENT_TEAM = FN27ZGXUR3;
				ENABLE_STRICT_OBJC_MSGSEND = YES;
				ENABLE_TESTABILITY = YES;
				ENABLE_USER_SCRIPT_SANDBOXING = YES;
				GCC_C_LANGUAGE_STANDARD = gnu17;
				GCC_DYNAMIC_NO_PIC = NO;
				GCC_NO_COMMON_BLOCKS = YES;
				GCC_OPTIMIZATION_LEVEL = 0;
				GCC_WARN_64_TO_32_BIT_CONVERSION = YES;
				GCC_WARN_ABOUT_RETURN_TYPE = YES;
				GCC_WARN_UNDECLARED_SELECTOR = YES;
				GCC_WARN_UNINITIALIZED_AUTOS = YES;
				GCC_WARN_UNUSED_FUNCTION = YES;
				GCC_WARN_UNUSED_VARIABLE = YES;
				IPHONEOS_DEPLOYMENT_TARGET = 17.0;
				MTL_ENABLE_DEBUG_INFO = INCLUDE_SOURCE;
				MTL_FAST_MATH = YES;
				ONLY_ACTIVE_ARCH = YES;
				SDKROOT = iphoneos;
				STRING_CATALOG_GENERATE_SYMBOLS = YES;
				SWIFT_ACTIVE_COMPILATION_CONDITIONS = DEBUG;
				SWIFT_OPTIMIZATION_LEVEL = "-Onone";
			};
			name = Debug;
		};
		000000000000000000000802 /* Release */ = {
			isa = XCBuildConfiguration;
			buildSettings = {
				ALWAYS_SEARCH_USER_PATHS = NO;
				CLANG_ENABLE_MODULES = YES;
				CLANG_ENABLE_OBJC_ARC = YES;
				CLANG_WARN_BLOCK_CAPTURE_AUTORELEASING = YES;
				CLANG_WARN_BOOL_CONVERSION = YES;
				CLANG_WARN_COMMA = YES;
				CLANG_WARN_CONSTANT_CONVERSION = YES;
				CLANG_WARN_DEPRECATED_OBJC_IMPLEMENTATIONS = YES;
				CLANG_WARN_EMPTY_BODY = YES;
				CLANG_WARN_ENUM_CONVERSION = YES;
				CLANG_WARN_INFINITE_RECURSION = YES;
				CLANG_WARN_INT_CONVERSION = YES;
				CLANG_WARN_NON_LITERAL_NULL_CONVERSION = YES;
				CLANG_WARN_OBJC_IMPLICIT_RETAIN_SELF = YES;
				CLANG_WARN_OBJC_LITERAL_CONVERSION = YES;
				CLANG_WARN_QUOTED_INCLUDE_IN_FRAMEWORK_HEADER = YES;
				CLANG_WARN_RANGE_LOOP_ANALYSIS = YES;
				CLANG_WARN_STRICT_PROTOTYPES = YES;
				CLANG_WARN_SUSPICIOUS_MOVE = YES;
				CLANG_WARN_UNREACHABLE_CODE = YES;
				CLANG_WARN__DUPLICATE_METHOD_MATCH = YES;
				COPY_PHASE_STRIP = NO;
				DEBUG_INFORMATION_FORMAT = "dwarf-with-dsym";
				DEVELOPMENT_TEAM = FN27ZGXUR3;
				ENABLE_NS_ASSERTIONS = NO;
				ENABLE_STRICT_OBJC_MSGSEND = YES;
				ENABLE_USER_SCRIPT_SANDBOXING = YES;
				GCC_C_LANGUAGE_STANDARD = gnu17;
				GCC_NO_COMMON_BLOCKS = YES;
				GCC_WARN_64_TO_32_BIT_CONVERSION = YES;
				GCC_WARN_ABOUT_RETURN_TYPE = YES;
				GCC_WARN_UNDECLARED_SELECTOR = YES;
				GCC_WARN_UNINITIALIZED_AUTOS = YES;
				GCC_WARN_UNUSED_FUNCTION = YES;
				GCC_WARN_UNUSED_VARIABLE = YES;
				IPHONEOS_DEPLOYMENT_TARGET = 17.0;
				MTL_ENABLE_DEBUG_INFO = NO;
				MTL_FAST_MATH = YES;
				SDKROOT = iphoneos;
				STRING_CATALOG_GENERATE_SYMBOLS = YES;
				SWIFT_COMPILATION_MODE = wholemodule;
				SWIFT_OPTIMIZATION_LEVEL = "-O";
				VALIDATE_PRODUCT = YES;
			};
			name = Release;
		};
		000000000000000000000803 /* Debug */ = {
			isa = XCBuildConfiguration;
			buildSettings = {
				ASSETCATALOG_COMPILER_APPICON_NAME = AppIcon;
				ASSETCATALOG_COMPILER_GLOBAL_ACCENT_COLOR_NAME = AccentColor;
				CODE_SIGN_STYLE = Automatic;
				CURRENT_PROJECT_VERSION = 1;
				GENERATE_INFOPLIST_FILE = YES;
				INFOPLIST_FILE = MyCost/Info.plist;
				INFOPLIST_KEY_CFBundleDisplayName = MyCost;
				INFOPLIST_KEY_UIApplicationSceneManifest_Generation = YES;
				INFOPLIST_KEY_UIApplicationSupportsIndirectInputEvents = YES;
				INFOPLIST_KEY_UILaunchScreen_Generation = YES;
				INFOPLIST_KEY_UISupportedInterfaceOrientations_iPhone = "UIInterfaceOrientationPortrait UIInterfaceOrientationLandscapeLeft UIInterfaceOrientationLandscapeRight";
				IPHONEOS_DEPLOYMENT_TARGET = 17.0;
				LD_RUNPATH_SEARCH_PATHS = (
					"$(inherited)",
					"@executable_path/Frameworks",
				);
				MARKETING_VERSION = 1.0;
				PRODUCT_BUNDLE_IDENTIFIER = com.getsuzym.MyCost;
				PRODUCT_NAME = "$(TARGET_NAME)";
				SWIFT_EMIT_LOC_STRINGS = YES;
				SWIFT_VERSION = 5.0;
				TARGETED_DEVICE_FAMILY = "1,2";
			};
			name = Debug;
		};
		000000000000000000000804 /* Release */ = {
			isa = XCBuildConfiguration;
			buildSettings = {
				ASSETCATALOG_COMPILER_APPICON_NAME = AppIcon;
				ASSETCATALOG_COMPILER_GLOBAL_ACCENT_COLOR_NAME = AccentColor;
				CODE_SIGN_STYLE = Automatic;
				CURRENT_PROJECT_VERSION = 1;
				GENERATE_INFOPLIST_FILE = YES;
				INFOPLIST_FILE = MyCost/Info.plist;
				INFOPLIST_KEY_CFBundleDisplayName = MyCost;
				INFOPLIST_KEY_UIApplicationSceneManifest_Generation = YES;
				INFOPLIST_KEY_UIApplicationSupportsIndirectInputEvents = YES;
				INFOPLIST_KEY_UILaunchScreen_Generation = YES;
				INFOPLIST_KEY_UISupportedInterfaceOrientations_iPhone = "UIInterfaceOrientationPortrait UIInterfaceOrientationLandscapeLeft UIInterfaceOrientationLandscapeRight";
				IPHONEOS_DEPLOYMENT_TARGET = 17.0;
				LD_RUNPATH_SEARCH_PATHS = (
					"$(inherited)",
					"@executable_path/Frameworks",
				);
				MARKETING_VERSION = 1.0;
				PRODUCT_BUNDLE_IDENTIFIER = com.getsuzym.MyCost;
				PRODUCT_NAME = "$(TARGET_NAME)";
				SWIFT_EMIT_LOC_STRINGS = YES;
				SWIFT_VERSION = 5.0;
				TARGETED_DEVICE_FAMILY = "1,2";
			};
			name = Release;
		};
		0000000000000000000009AC /* Debug */ = {
			isa = XCBuildConfiguration;
			buildSettings = {
				BUNDLE_LOADER = "$(TEST_HOST)";
				CODE_SIGN_STYLE = Automatic;
				CURRENT_PROJECT_VERSION = 1;
				GENERATE_INFOPLIST_FILE = YES;
				IPHONEOS_DEPLOYMENT_TARGET = 17.0;
				LD_RUNPATH_SEARCH_PATHS = (
					"$(inherited)",
					"@executable_path/Frameworks",
					"@loader_path/Frameworks",
				);
				MARKETING_VERSION = 1.0;
				PRODUCT_BUNDLE_IDENTIFIER = com.getsuzym.MyCostTests;
				PRODUCT_NAME = "$(TARGET_NAME)";
				SWIFT_EMIT_LOC_STRINGS = NO;
				SWIFT_VERSION = 5.0;
				TARGETED_DEVICE_FAMILY = "1,2";
				TEST_HOST = "$(BUILT_PRODUCTS_DIR)/MyCost.app/$(BUNDLE_EXECUTABLE_FOLDER_PATH)/MyCost";
				TEST_TARGET_NAME = MyCost;
			};
			name = Debug;
		};
		0000000000000000000009AD /* Release */ = {
			isa = XCBuildConfiguration;
			buildSettings = {
				BUNDLE_LOADER = "$(TEST_HOST)";
				CODE_SIGN_STYLE = Automatic;
				CURRENT_PROJECT_VERSION = 1;
				GENERATE_INFOPLIST_FILE = YES;
				IPHONEOS_DEPLOYMENT_TARGET = 17.0;
				LD_RUNPATH_SEARCH_PATHS = (
					"$(inherited)",
					"@executable_path/Frameworks",
					"@loader_path/Frameworks",
				);
				MARKETING_VERSION = 1.0;
				PRODUCT_BUNDLE_IDENTIFIER = com.getsuzym.MyCostTests;
				PRODUCT_NAME = "$(TARGET_NAME)";
				SWIFT_EMIT_LOC_STRINGS = NO;
				SWIFT_VERSION = 5.0;
				TARGETED_DEVICE_FAMILY = "1,2";
				TEST_HOST = "$(BUILT_PRODUCTS_DIR)/MyCost.app/$(BUNDLE_EXECUTABLE_FOLDER_PATH)/MyCost";
				TEST_TARGET_NAME = MyCost;
			};
			name = Release;
		};
		0000000000000000000009BC /* Debug */ = {
			isa = XCBuildConfiguration;
			buildSettings = {
				CODE_SIGN_STYLE = Automatic;
				CURRENT_PROJECT_VERSION = 1;
				GENERATE_INFOPLIST_FILE = YES;
				IPHONEOS_DEPLOYMENT_TARGET = 17.0;
				MARKETING_VERSION = 1.0;
				PRODUCT_BUNDLE_IDENTIFIER = com.getsuzym.MyCostUITests;
				PRODUCT_NAME = "$(TARGET_NAME)";
				SWIFT_EMIT_LOC_STRINGS = NO;
				SWIFT_VERSION = 5.0;
				TARGETED_DEVICE_FAMILY = "1,2";
				TEST_TARGET_NAME = MyCost;
			};
			name = Debug;
		};
		0000000000000000000009BD /* Release */ = {
			isa = XCBuildConfiguration;
			buildSettings = {
				CODE_SIGN_STYLE = Automatic;
				CURRENT_PROJECT_VERSION = 1;
				GENERATE_INFOPLIST_FILE = YES;
				IPHONEOS_DEPLOYMENT_TARGET = 17.0;
				MARKETING_VERSION = 1.0;
				PRODUCT_BUNDLE_IDENTIFIER = com.getsuzym.MyCostUITests;
				PRODUCT_NAME = "$(TARGET_NAME)";
				SWIFT_EMIT_LOC_STRINGS = NO;
				SWIFT_VERSION = 5.0;
				TARGETED_DEVICE_FAMILY = "1,2";
				TEST_TARGET_NAME = MyCost;
			};
			name = Release;
		};
/* End XCBuildConfiguration section */

/* Begin XCConfigurationList section */
		000000000000000000000700 /* Build configuration list for PBXProject "MyCost" */ = {
			isa = XCConfigurationList;
			buildConfigurations = (
				000000000000000000000801 /* Debug */,
				000000000000000000000802 /* Release */,
			);
			defaultConfigurationIsVisible = 0;
			defaultConfigurationName = Release;
		};
		000000000000000000000701 /* Build configuration list for PBXNativeTarget "MyCost" */ = {
			isa = XCConfigurationList;
			buildConfigurations = (
				000000000000000000000803 /* Debug */,
				000000000000000000000804 /* Release */,
			);
			defaultConfigurationIsVisible = 0;
			defaultConfigurationName = Release;
		};
		0000000000000000000009AB /* Build configuration list for PBXNativeTarget "MyCostTests" */ = {
			isa = XCConfigurationList;
			buildConfigurations = (
				0000000000000000000009AC /* Debug */,
				0000000000000000000009AD /* Release */,
			);
			defaultConfigurationIsVisible = 0;
			defaultConfigurationName = Release;
		};
		0000000000000000000009BB /* Build configuration list for PBXNativeTarget "MyCostUITests" */ = {
			isa = XCConfigurationList;
			buildConfigurations = (
				0000000000000000000009BC /* Debug */,
				0000000000000000000009BD /* Release */,
			);
			defaultConfigurationIsVisible = 0;
			defaultConfigurationName = Release;
		};
/* End XCConfigurationList section */
	};
	rootObject = 000000000000000000000601 /* Project object */;
}
